github.com/df-mc/worldupgrader v1.0.19 h1:BnwRe/lVv9IhwRWZK5olvTYNTKWh7rhFdqNPDMnoKFM=
github.com/df-mc/worldupgrader v1.0.19/go.mod h1:tsSOLTRm9mpG7VHvYpAjjZrkRHWmSbKZAm9bOLNnlDk=
github.com/sandertv/gophertunnel v1.48.1 h1:+DleZznxkYugxEIEFAKN4JDfYSv/zm6//MfYFdIgyq8=
github.com/sandertv/gophertunnel v1.48.1/go.mod h1:lmRarAmn25V/+QeiUbUDXeA26bEaNlX1wGEM/rj39ew=
