github.com/go-gl/mathgl v1.2.0 h1:v2eOj/y1B2afDxF6URV1qCYmo1KW08lAMtTbOn3KXCY=
github.com/go-gl/mathgl v1.2.0/go.mod h1:pf9+b5J3LFP7iZ4XXaVzZrCle0Q/vNpB/vDe5+3ulRE=
github.com/google/uuid v1.6.0 h1:NIvaJDMOsjHA8n1jAhLSgzrAzy1Hgr+hNrb57e+94F0=
github.com/google/uuid v1.6.0/go.mod h1:TIyPZe4MgqvfeYDBFedMoGGpEw/LqOeaOT+nhxU+yHo=
github.com/sandertv/gophertunnel v1.54.0 h1:iAHY+0k84GtoRVe3IEDNLScM0WRS0Rxh9YODAGjzjOM=
github.com/sandertv/gophertunnel v1.54.0/go.mod h1:F8+ZPbzxJ0LqunXEaDjqeyUgHVB0rI5ZU+PHnptXGfI=
